
Microsoft Visual Studio Solution File, Format Version 12.00
# Visual Studio Version 17
VisualStudioVersion = 17.7.34202.233
MinimumVisualStudioVersion = 10.0.40219.1
Project("{FAE04EC0-301F-11D3-BF4B-00C04F79EFBC}") = "PU1", "PU1\PU1.csproj", "{389F03CF-EFE6-4376-9946-45D0B4CCDF02}"
EndProject
Global
	GlobalSection(SolutionConfigurationPlatforms) = preSolution
		Debug|Any CPU = Debug|Any CPU
		Release|Any CPU = Release|Any CPU
	EndGlobalSection
	GlobalSection(ProjectConfigurationPlatforms) = postSolution
		{389F03CF-EFE6-4376-9946-45D0B4CCDF02}.Debug|Any CPU.ActiveCfg = Debug|Any CPU
		{389F03CF-EFE6-4376-9946-45D0B4CCDF02}.Debug|Any CPU.Build.0 = Debug|Any CPU
		{389F03CF-EFE6-4376-9946-45D0B4CCDF02}.Release|Any CPU.ActiveCfg = Release|Any CPU
		{389F03CF-EFE6-4376-9946-45D0B4CCDF02}.Release|Any CPU.Build.0 = Release|Any CPU
	EndGlobalSection
	GlobalSection(SolutionProperties) = preSolution
		HideSolutionNode = FALSE
	EndGlobalSection
	GlobalSection(ExtensibilityGlobals) = postSolution
		SolutionGuid = {0DF14B55-D5C5-4063-8C3A-1C60533C49F3}
	EndGlobalSection
EndGlobal
